{
  "nodes": {
    "microvm": {
      "inputs": {
        "nixpkgs": [
          "nixpkgs"
        ],
        "spectrum": "spectrum"
      },
      "locked": {
        "lastModified": 1790890970,
        "narHash": "sha256-MV/BNWl8docJMxrNtkZ2/iw0FYMesyB69HKkLWk0r5s=",
        "owner": "microvm-nix",
        "repo": "microvm.nix",
        "rev": "3f1540f254fe73ac907281b7de7d396bb3d54850",
        "type": "github"
      },
      "original": {
        "owner": "microvm-nix",
        "repo": "microvm.nix",
        "type": "github"
      }
    },
    "nixbot": {
      "inputs": {
        "nixpkgs": [
          "nixpkgs"
        ],
        "treefmt-nix": [
          "treefmt-nix"
        ]
      },
      "locked": {
        "lastModified": 1791198854,
        "narHash": "sha256-O+Vv8/5oP5mpczMGyCN5mxrIIPRVHXSak6RKw84brAU=",
        "owner": "Mic92",
        "repo": "nixbot",
        "rev": "860dc71529ae436a96457faf01e0831ebc5371ee",
        "type": "github"
      },
      "original": {
        "owner": "Mic92",
        "repo": "nixbot",
        "type": "github"
      }
    },
    "nixpkgs": {
      "locked": {
        "lastModified": 1791048980,
        "narHash": "sha256-KgItSKML8Xvte0B7/uGnBDsYzSnnKHcOaiUbgWBXLXw=",
        "owner": "NixOS",
        "repo": "nixpkgs",
        "rev": "a7868a727837f3c09cee2ce0ca671c76b1589fed",
        "type": "github"
      },
      "original": {
        "owner": "NixOS",
        "ref": "nixos-unstable",
        "repo": "nixpkgs",
        "type": "github"
      }
    },
    "root": {
      "inputs": {
        "microvm": "microvm",
        "nixbot": "nixbot",
        "nixpkgs": "nixpkgs",
        "treefmt-nix": "treefmt-nix"
      }
    },
    "spectrum": {
      "flake": false,
      "locked": {
        "lastModified": 1786032750,
        "narHash": "sha256-+Ba/kIn5BjvV7PN8bWOo7RoqgTY/Yv2M7qeMf3wS2Ag=",
        "ref": "refs/heads/main",
        "rev": "77d2389874bb092b8dbf05ecc5b1030372e80e98",
        "revCount": 1417,
        "type": "git",
        "url": "https://spectrum-os.org/git/spectrum"
      },
      "original": {
        "type": "git",
        "url": "https://spectrum-os.org/git/spectrum"
      }
    },
    "treefmt-nix": {
      "inputs": {
        "nixpkgs": [
          "nixpkgs"
        ]
      },
      "locked": {
        "lastModified": 1791203292,
        "narHash": "sha256-vuzVwvjeucSnwKwMBpyP8r5IzdrMKCHEdwTrRFwUN7I=",
        "owner": "numtide",
        "repo": "treefmt-nix",
        "rev": "03d8ee1bcbc8f9638907bb79edb9673151d0e22b",
        "type": "github"
      },
      "original": {
        "owner": "numtide",
        "repo": "treefmt-nix",
        "type": "github"
      }
    }
  },
  "root": "root",
  "version": 7
}
